
Microsoft Visual Studio Solution File, Format Version 12.00
# Visual Studio Version 17
VisualStudioVersion = 17.1.32228.430
MinimumVisualStudioVersion = 10.0.40219.1
Project("{FAE04EC0-301F-11D3-BF4B-00C04F79EFBC}") = "Roomie", "Roomie\Roomie.csproj", "{E956E1AA-4FFA-4308-9AE3-CFF5D2CCE978}"
EndProject
Global
	GlobalSection(SolutionConfigurationPlatforms) = preSolution
		Debug|Any CPU = Debug|Any CPU
		Release|Any CPU = Release|Any CPU
	EndGlobalSection
	GlobalSection(ProjectConfigurationPlatforms) = postSolution
		{E956E1AA-4FFA-4308-9AE3-CFF5D2CCE978}.Debug|Any CPU.ActiveCfg = Debug|Any CPU
		{E956E1AA-4FFA-4308-9AE3-CFF5D2CCE978}.Debug|Any CPU.Build.0 = Debug|Any CPU
		{E956E1AA-4FFA-4308-9AE3-CFF5D2CCE978}.Release|Any CPU.ActiveCfg = Release|Any CPU
		{E956E1AA-4FFA-4308-9AE3-CFF5D2CCE978}.Release|Any CPU.Build.0 = Release|Any CPU
	EndGlobalSection
	GlobalSection(SolutionProperties) = preSolution
		HideSolutionNode = FALSE
	EndGlobalSection
	GlobalSection(ExtensibilityGlobals) = postSolution
		SolutionGuid = {95A77EAF-6112-43AA-B5CC-64D0EDF3B583}
	EndGlobalSection
EndGlobal
